// !$*UTF8*$!
{
	archiveVersion = 1;
	classes = {
	};
	objectVersion = 46;
	objects = {

/* Begin PBXBuildFile section */
		BC94FBBE1DA6333A00C98255 /* Drop.swift in Sources */ = {isa = PBXBuildFile; fileRef = BC94FBBD1DA6333A00C98255 /* Drop.swift */; };
		BCE291C01DA34DB3001DEA3B /* AppDelegate.swift in Sources */ = {isa = PBXBuildFile; fileRef = BCE291BF1DA34DB3001DEA3B /* AppDelegate.swift */; };
		BCE291C21DA34DB3001DEA3B /* ViewController.swift in Sources */ = {isa = PBXBuildFile; fileRef = BCE291C11DA34DB3001DEA3B /* ViewController.swift */; };
		BCE291C51DA34DB3001DEA3B /* Main.storyboard in Resources */ = {isa = PBXBuildFile; fileRef = BCE291C31DA34DB3001DEA3B /* Main.storyboard */; };
		BCE291C81DA34DB3001DEA3B /* Cuisina.xcdatamodeld in Sources */ = {isa = PBXBuildFile; fileRef = BCE291C61DA34DB3001DEA3B /* Cuisina.xcdatamodeld */; };
		BCE291CA1DA34DB3001DEA3B /* Assets.xcassets in Resources */ = {isa = PBXBuildFile; fileRef = BCE291C91DA34DB3001DEA3B /* Assets.xcassets */; };
		BCE291CD1DA34DB3001DEA3B /* LaunchScreen.storyboard in Resources */ = {isa = PBXBuildFile; fileRef = BCE291CB1DA34DB3001DEA3B /* LaunchScreen.storyboard */; };
		BCE291D51DA38705001DEA3B /* open-sans in Resources */ = {isa = PBXBuildFile; fileRef = BCE291D41DA38704001DEA3B /* open-sans */; };
		BCE291D71DA3A2CD001DEA3B /* Meals.swift in Sources */ = {isa = PBXBuildFile; fileRef = BCE291D61DA3A2CC001DEA3B /* Meals.swift */; };
		BCFE4A7C1DA5F56700BF7674 /* ADVSegmentedControl.swift in Sources */ = {isa = PBXBuildFile; fileRef = BCFE4A7B1DA5F56700BF7674 /* ADVSegmentedControl.swift */; };
		BCFE4A7E1DA5F5B500BF7674 /* Kuholsagata.swift in Sources */ = {isa = PBXBuildFile; fileRef = BCFE4A7D1DA5F5B500BF7674 /* Kuholsagata.swift */; };
		BCFE4A801DA61A7E00BF7674 /* CosmosDistrib.swift in Sources */ = {isa = PBXBuildFile; fileRef = BCFE4A7F1DA61A7E00BF7674 /* CosmosDistrib.swift */; };
/* End PBXBuildFile section */

/* Begin PBXFileReference section */
		BC94FBBD1DA6333A00C98255 /* Drop.swift */ = {isa = PBXFileReference; fileEncoding = 4; lastKnownFileType = sourcecode.swift; path = Drop.swift; sourceTree = "<group>"; };
		BCE291BC1DA34DB2001DEA3B /* Cuisina.app */ = {isa = PBXFileReference; explicitFileType = wrapper.application; includeInIndex = 0; path = Cuisina.app; sourceTree = BUILT_PRODUCTS_DIR; };
		BCE291BF1DA34DB3001DEA3B /* AppDelegate.swift */ = {isa = PBXFileReference; lastKnownFileType = sourcecode.swift; path = AppDelegate.swift; sourceTree = "<group>"; };
		BCE291C11DA34DB3001DEA3B /* ViewController.swift */ = {isa = PBXFileReference; lastKnownFileType = sourcecode.swift; path = ViewController.swift; sourceTree = "<group>"; };
		BCE291C41DA34DB3001DEA3B /* Base */ = {isa = PBXFileReference; lastKnownFileType = file.storyboard; name = Base; path = Base.lproj/Main.storyboard; sourceTree = "<group>"; };
		BCE291C71DA34DB3001DEA3B /* Cuisina.xcdatamodel */ = {isa = PBXFileReference; lastKnownFileType = wrapper.xcdatamodel; path = Cuisina.xcdatamodel; sourceTree = "<group>"; };
		BCE291C91DA34DB3001DEA3B /* Assets.xcassets */ = {isa = PBXFileReference; lastKnownFileType = folder.assetcatalog; path = Assets.xcassets; sourceTree = "<group>"; };
		BCE291CC1DA34DB3001DEA3B /* Base */ = {isa = PBXFileReference; lastKnownFileType = file.storyboard; name = Base; path = Base.lproj/LaunchScreen.storyboard; sourceTree = "<group>"; };
		BCE291CE1DA34DB3001DEA3B /* Info.plist */ = {isa = PBXFileReference; lastKnownFileType = text.plist.xml; path = Info.plist; sourceTree = "<group>"; };
		BCE291D41DA38704001DEA3B /* open-sans */ = {isa = PBXFileReference; lastKnownFileType = folder; name = "open-sans"; path = "../open-sans"; sourceTree = "<group>"; };
		BCE291D61DA3A2CC001DEA3B /* Meals.swift */ = {isa = PBXFileReference; fileEncoding = 4; lastKnownFileType = sourcecode.swift; path = Meals.swift; sourceTree = "<group>"; };
		BCFE4A7B1DA5F56700BF7674 /* ADVSegmentedControl.swift */ = {isa = PBXFileReference; fileEncoding = 4; lastKnownFileType = sourcecode.swift; path = ADVSegmentedControl.swift; sourceTree = "<group>"; };
		BCFE4A7D1DA5F5B500BF7674 /* Kuholsagata.swift */ = {isa = PBXFileReference; fileEncoding = 4; lastKnownFileType = sourcecode.swift; path = Kuholsagata.swift; sourceTree = "<group>"; };
		BCFE4A7F1DA61A7E00BF7674 /* CosmosDistrib.swift */ = {isa = PBXFileReference; fileEncoding = 4; lastKnownFileType = sourcecode.swift; path = CosmosDistrib.swift; sourceTree = "<group>"; };
/* End PBXFileReference section */

/* Begin PBXFrameworksBuildPhase section */
		BCE291B91DA34DB2001DEA3B /* Frameworks */ = {
			isa = PBXFrameworksBuildPhase;
			buildActionMask = 2147483647;
			files = (
			);
			runOnlyForDeploymentPostprocessing = 0;
		};
/* End PBXFrameworksBuildPhase section */

/* Begin PBXGroup section */
		BCE291B31DA34DB1001DEA3B = {
			isa = PBXGroup;
			children = (
				BCE291BE1DA34DB3001DEA3B /* Cuisina */,
				BCE291BD1DA34DB2001DEA3B /* Products */,
			);
			sourceTree = "<group>";
		};
		BCE291BD1DA34DB2001DEA3B /* Products */ = {
			isa = PBXGroup;
			children = (
				BCE291BC1DA34DB2001DEA3B /* Cuisina.app */,
			);
			name = Products;
			sourceTree = "<group>";
		};
		BCE291BE1DA34DB3001DEA3B /* Cuisina */ = {
			isa = PBXGroup;
			children = (
				BCE291BF1DA34DB3001DEA3B /* AppDelegate.swift */,
				BCE291C11DA34DB3001DEA3B /* ViewController.swift */,
				BCE291D61DA3A2CC001DEA3B /* Meals.swift */,
				BCFE4A7D1DA5F5B500BF7674 /* Kuholsagata.swift */,
				BCE291C31DA34DB3001DEA3B /* Main.storyboard */,
				BCE291CB1DA34DB3001DEA3B /* LaunchScreen.storyboard */,
				BCFE4A7A1DA5F52E00BF7674 /* Supporting Files */,
			);
			path = Cuisina;
			sourceTree = "<group>";
		};
		BCFE4A7A1DA5F52E00BF7674 /* Supporting Files */ = {
			isa = PBXGroup;
			children = (
				BC94FBBD1DA6333A00C98255 /* Drop.swift */,
				BCFE4A7F1DA61A7E00BF7674 /* CosmosDistrib.swift */,
				BCFE4A7B1DA5F56700BF7674 /* ADVSegmentedControl.swift */,
				BCE291CE1DA34DB3001DEA3B /* Info.plist */,
				BCE291C61DA34DB3001DEA3B /* Cuisina.xcdatamodeld */,
				BCE291C91DA34DB3001DEA3B /* Assets.xcassets */,
				BCE291D41DA38704001DEA3B /* open-sans */,
			);
			name = "Supporting Files";
			sourceTree = "<group>";
		};
/* End PBXGroup section */

/* Begin PBXNativeTarget section */
		BCE291BB1DA34DB2001DEA3B /* Cuisina */ = {
			isa = PBXNativeTarget;
			buildConfigurationList = BCE291D11DA34DB3001DEA3B /* Build configuration list for PBXNativeTarget "Cuisina" */;
			buildPhases = (
				BCE291B81DA34DB2001DEA3B /* Sources */,
				BCE291B91DA34DB2001DEA3B /* Frameworks */,
				BCE291BA1DA34DB2001DEA3B /* Resources */,
			);
			buildRules = (
			);
			dependencies = (
			);
			name = Cuisina;
			productName = Cuisina;
			productReference = BCE291BC1DA34DB2001DEA3B /* Cuisina.app */;
			productType = "com.apple.product-type.application";
		};
/* End PBXNativeTarget section */

/* Begin PBXProject section */
		BCE291B41DA34DB1001DEA3B /* Project object */ = {
			isa = PBXProject;
			attributes = {
				LastSwiftUpdateCheck = 0730;
				LastUpgradeCheck = 0730;
				ORGANIZATIONNAME = Imergex;
				TargetAttributes = {
					BCE291BB1DA34DB2001DEA3B = {
						CreatedOnToolsVersion = 7.3.1;
					};
				};
			};
			buildConfigurationList = BCE291B71DA34DB1001DEA3B /* Build configuration list for PBXProject "Cuisina" */;
			compatibilityVersion = "Xcode 3.2";
			developmentRegion = English;
			hasScannedForEncodings = 0;
			knownRegions = (
				en,
				Base,
			);
			mainGroup = BCE291B31DA34DB1001DEA3B;
			productRefGroup = BCE291BD1DA34DB2001DEA3B /* Products */;
			projectDirPath = "";
			projectRoot = "";
			targets = (
				BCE291BB1DA34DB2001DEA3B /* Cuisina */,
			);
		};
/* End PBXProject section */

/* Begin PBXResourcesBuildPhase section */
		BCE291BA1DA34DB2001DEA3B /* Resources */ = {
			isa = PBXResourcesBuildPhase;
			buildActionMask = 2147483647;
			files = (
				BCE291CD1DA34DB3001DEA3B /* LaunchScreen.storyboard in Resources */,
				BCE291D51DA38705001DEA3B /* open-sans in Resources */,
				BCE291CA1DA34DB3001DEA3B /* Assets.xcassets in Resources */,
				BCE291C51DA34DB3001DEA3B /* Main.storyboard in Resources */,
			);
			runOnlyForDeploymentPostprocessing = 0;
		};
/* End PBXResourcesBuildPhase section */

/* Begin PBXSourcesBuildPhase section */
		BCE291B81DA34DB2001DEA3B /* Sources */ = {
			isa = PBXSourcesBuildPhase;
			buildActionMask = 2147483647;
			files = (
				BCFE4A7C1DA5F56700BF7674 /* ADVSegmentedControl.swift in Sources */,
				BCE291D71DA3A2CD001DEA3B /* Meals.swift in Sources */,
				BC94FBBE1DA6333A00C98255 /* Drop.swift in Sources */,
				BCFE4A7E1DA5F5B500BF7674 /* Kuholsagata.swift in Sources */,
				BCE291C21DA34DB3001DEA3B /* ViewController.swift in Sources */,
				BCFE4A801DA61A7E00BF7674 /* CosmosDistrib.swift in Sources */,
				BCE291C81DA34DB3001DEA3B /* Cuisina.xcdatamodeld in Sources */,
				BCE291C01DA34DB3001DEA3B /* AppDelegate.swift in Sources */,
			);
			runOnlyForDeploymentPostprocessing = 0;
		};
/* End PBXSourcesBuildPhase section */

/* Begin PBXVariantGroup section */
		BCE291C31DA34DB3001DEA3B /* Main.storyboard */ = {
			isa = PBXVariantGroup;
			children = (
				BCE291C41DA34DB3001DEA3B /* Base */,
			);
			name = Main.storyboard;
			sourceTree = "<group>";
		};
		BCE291CB1DA34DB3001DEA3B /* LaunchScreen.storyboard */ = {
			isa = PBXVariantGroup;
			children = (
				BCE291CC1DA34DB3001DEA3B /* Base */,
			);
			name = LaunchScreen.storyboard;
			sourceTree = "<group>";
		};
/* End PBXVariantGroup section */

/* Begin XCBuildConfiguration section */
		BCE291CF1DA34DB3001DEA3B /* Debug */ = {
			isa = XCBuildConfiguration;
			buildSettings = {
				ALWAYS_SEARCH_USER_PATHS = NO;
				CLANG_ANALYZER_NONNULL = YES;
				CLANG_CXX_LANGUAGE_STANDARD = "gnu++0x";
				CLANG_CXX_LIBRARY = "libc++";
				CLANG_ENABLE_MODULES = YES;
				CLANG_ENABLE_OBJC_ARC = YES;
				CLANG_WARN_BOOL_CONVERSION = YES;
				CLANG_WARN_CONSTANT_CONVERSION = YES;
				CLANG_WARN_DIRECT_OBJC_ISA_USAGE = YES_ERROR;
				CLANG_WARN_EMPTY_BODY = YES;
				CLANG_WARN_ENUM_CONVERSION = YES;
				CLANG_WARN_INT_CONVERSION = YES;
				CLANG_WARN_OBJC_ROOT_CLASS = YES_ERROR;
				CLANG_WARN_UNREACHABLE_CODE = YES;
				CLANG_WARN__DUPLICATE_METHOD_MATCH = YES;
				"CODE_SIGN_IDENTITY[sdk=iphoneos*]" = "iPhone Developer";
				COPY_PHASE_STRIP = NO;
				DEBUG_INFORMATION_FORMAT = dwarf;
				ENABLE_STRICT_OBJC_MSGSEND = YES;
				ENABLE_TESTABILITY = YES;
				GCC_C_LANGUAGE_STANDARD = gnu99;
				GCC_DYNAMIC_NO_PIC = NO;
				GCC_NO_COMMON_BLOCKS = YES;
				GCC_OPTIMIZATION_LEVEL = 0;
				GCC_PREPROCESSOR_DEFINITIONS = (
					"DEBUG=1",
					"$(inherited)",
				);
				GCC_WARN_64_TO_32_BIT_CONVERSION = YES;
				GCC_WARN_ABOUT_RETURN_TYPE = YES_ERROR;
				GCC_WARN_UNDECLARED_SELECTOR = YES;
				GCC_WARN_UNINITIALIZED_AUTOS = YES_AGGRESSIVE;
				GCC_WARN_UNUSED_FUNCTION = YES;
				GCC_WARN_UNUSED_VARIABLE = YES;
				IPHONEOS_DEPLOYMENT_TARGET = 9.3;
				MTL_ENABLE_DEBUG_INFO = YES;
				ONLY_ACTIVE_ARCH = YES;
				SDKROOT = iphoneos;
				SWIFT_OPTIMIZATION_LEVEL = "-Onone";
			};
			name = Debug;
		};
		BCE291D01DA34DB3001DEA3B /* Release */ = {
			isa = XCBuildConfiguration;
			buildSettings = {
				ALWAYS_SEARCH_USER_PATHS = NO;
				CLANG_ANALYZER_NONNULL = YES;
				CLANG_CXX_LANGUAGE_STANDARD = "gnu++0x";
				CLANG_CXX_LIBRARY = "libc++";
				CLANG_ENABLE_MODULES = YES;
				CLANG_ENABLE_OBJC_ARC = YES;
				CLANG_WARN_BOOL_CONVERSION = YES;
				CLANG_WARN_CONSTANT_CONVERSION = YES;
				CLANG_WARN_DIRECT_OBJC_ISA_USAGE = YES_ERROR;
				CLANG_WARN_EMPTY_BODY = YES;
				CLANG_WARN_ENUM_CONVERSION = YES;
				CLANG_WARN_INT_CONVERSION = YES;
				CLANG_WARN_OBJC_ROOT_CLASS = YES_ERROR;
				CLANG_WARN_UNREACHABLE_CODE = YES;
				CLANG_WARN__DUPLICATE_METHOD_MATCH = YES;
				"CODE_SIGN_IDENTITY[sdk=iphoneos*]" = "iPhone Developer";
				COPY_PHASE_STRIP = NO;
				DEBUG_INFORMATION_FORMAT = "dwarf-with-dsym";
				ENABLE_NS_ASSERTIONS = NO;
				ENABLE_STRICT_OBJC_MSGSEND = YES;
				GCC_C_LANGUAGE_STANDARD = gnu99;
				GCC_NO_COMMON_BLOCKS = YES;
				GCC_WARN_64_TO_32_BIT_CONVERSION = YES;
				GCC_WARN_ABOUT_RETURN_TYPE = YES_ERROR;
				GCC_WARN_UNDECLARED_SELECTOR = YES;
				GCC_WARN_UNINITIALIZED_AUTOS = YES_AGGRESSIVE;
				GCC_WARN_UNUSED_FUNCTION = YES;
				GCC_WARN_UNUSED_VARIABLE = YES;
				IPHONEOS_DEPLOYMENT_TARGET = 9.3;
				MTL_ENABLE_DEBUG_INFO = NO;
				SDKROOT = iphoneos;
				VALIDATE_PRODUCT = YES;
			};
			name = Release;
		};
		BCE291D21DA34DB3001DEA3B /* Debug */ = {
			isa = XCBuildConfiguration;
			buildSettings = {
				ASSETCATALOG_COMPILER_APPICON_NAME = AppIcon;
				INFOPLIST_FILE = Cuisina/Info.plist;
				LD_RUNPATH_SEARCH_PATHS = "$(inherited) @executable_path/Frameworks";
				PRODUCT_BUNDLE_IDENTIFIER = org.imergex.Cuisina;
				PRODUCT_NAME = "$(TARGET_NAME)";
			};
			name = Debug;
		};
		BCE291D31DA34DB3001DEA3B /* Release */ = {
			isa = XCBuildConfiguration;
			buildSettings = {
				ASSETCATALOG_COMPILER_APPICON_NAME = AppIcon;
				INFOPLIST_FILE = Cuisina/Info.plist;
				LD_RUNPATH_SEARCH_PATHS = "$(inherited) @executable_path/Frameworks";
				PRODUCT_BUNDLE_IDENTIFIER = org.imergex.Cuisina;
				PRODUCT_NAME = "$(TARGET_NAME)";
			};
			name = Release;
		};
/* End XCBuildConfiguration section */

/* Begin XCConfigurationList section */
		BCE291B71DA34DB1001DEA3B /* Build configuration list for PBXProject "Cuisina" */ = {
			isa = XCConfigurationList;
			buildConfigurations = (
				BCE291CF1DA34DB3001DEA3B /* Debug */,
				BCE291D01DA34DB3001DEA3B /* Release */,
			);
			defaultConfigurationIsVisible = 0;
			defaultConfigurationName = Release;
		};
		BCE291D11DA34DB3001DEA3B /* Build configuration list for PBXNativeTarget "Cuisina" */ = {
			isa = XCConfigurationList;
			buildConfigurations = (
				BCE291D21DA34DB3001DEA3B /* Debug */,
				BCE291D31DA34DB3001DEA3B /* Release */,
			);
			defaultConfigurationIsVisible = 0;
			defaultConfigurationName = Release;
		};
/* End XCConfigurationList section */

/* Begin XCVersionGroup section */
		BCE291C61DA34DB3001DEA3B /* Cuisina.xcdatamodeld */ = {
			isa = XCVersionGroup;
			children = (
				BCE291C71DA34DB3001DEA3B /* Cuisina.xcdatamodel */,
			);
			currentVersion = BCE291C71DA34DB3001DEA3B /* Cuisina.xcdatamodel */;
			path = Cuisina.xcdatamodeld;
			sourceTree = "<group>";
			versionGroupType = wrapper.xcdatamodel;
		};
/* End XCVersionGroup section */
	};
	rootObject = BCE291B41DA34DB1001DEA3B /* Project object */;
}
